
Microsoft Visual Studio Solution File, Format Version 12.00
# Visual Studio 15
VisualStudioVersion = 15.0.27130.2027
MinimumVisualStudioVersion = 10.0.40219.1
Project("{9A19103F-16F7-4668-BE54-9A1E7A4F7556}") = "Qaimaq", "Qaimaq\Qaimaq.csproj", "{BA915A31-F04B-43CB-91A2-43DCCBCDD8E7}"
EndProject
Project("{9A19103F-16F7-4668-BE54-9A1E7A4F7556}") = "KCell Solutions", "..\kcell solutions\KCell Solutions.csproj", "{B75260A4-FB68-45FF-BED4-FB74327817E8}"
EndProject
Global
	GlobalSection(SolutionConfigurationPlatforms) = preSolution
		Debug|Any CPU = Debug|Any CPU
		Release|Any CPU = Release|Any CPU
	EndGlobalSection
	GlobalSection(ProjectConfigurationPlatforms) = postSolution
		{BA915A31-F04B-43CB-91A2-43DCCBCDD8E7}.Debug|Any CPU.ActiveCfg = Debug|Any CPU
		{BA915A31-F04B-43CB-91A2-43DCCBCDD8E7}.Debug|Any CPU.Build.0 = Debug|Any CPU
		{BA915A31-F04B-43CB-91A2-43DCCBCDD8E7}.Release|Any CPU.ActiveCfg = Release|Any CPU
		{BA915A31-F04B-43CB-91A2-43DCCBCDD8E7}.Release|Any CPU.Build.0 = Release|Any CPU
		{B75260A4-FB68-45FF-BED4-FB74327817E8}.Debug|Any CPU.ActiveCfg = Debug|Any CPU
		{B75260A4-FB68-45FF-BED4-FB74327817E8}.Debug|Any CPU.Build.0 = Debug|Any CPU
		{B75260A4-FB68-45FF-BED4-FB74327817E8}.Release|Any CPU.ActiveCfg = Release|Any CPU
		{B75260A4-FB68-45FF-BED4-FB74327817E8}.Release|Any CPU.Build.0 = Release|Any CPU
	EndGlobalSection
	GlobalSection(SolutionProperties) = preSolution
		HideSolutionNode = FALSE
	EndGlobalSection
	GlobalSection(ExtensibilityGlobals) = postSolution
		SolutionGuid = {683F5E75-493A-4721-A43B-5762D812372F}
	EndGlobalSection
EndGlobal
